
Microsoft Visual Studio Solution File, Format Version 12.00
# Visual Studio 15
VisualStudioVersion = 15.0.27130.2024
MinimumVisualStudioVersion = 10.0.40219.1
Project("{262852C6-CD72-467D-83FE-5EEB1973A190}") = "Prueba", "Prueba.jsproj", "{03E5C764-690D-4504-B929-0F93BB66AC7A}"
EndProject
Project("{262852C6-CD72-467D-83FE-5EEB1973A190}") = "BlankCordovaApp1", "..\..\12\BlankCordovaApp1\BlankCordovaApp1.jsproj", "{A2890F93-1610-4484-8F27-7E8BBE0730BD}"
EndProject
Global
	GlobalSection(SolutionConfigurationPlatforms) = preSolution
		Debug|Android = Debug|Android
		Debug|iOS = Debug|iOS
		Debug|Windows-ARM = Debug|Windows-ARM
		Debug|Windows-x64 = Debug|Windows-x64
		Debug|Windows-x86 = Debug|Windows-x86
		Final|Android = Final|Android
		Final|iOS = Final|iOS
		Final|Windows-ARM = Final|Windows-ARM
		Final|Windows-x64 = Final|Windows-x64
		Final|Windows-x86 = Final|Windows-x86
		Release|Android = Release|Android
		Release|iOS = Release|iOS
		Release|Windows-ARM = Release|Windows-ARM
		Release|Windows-x64 = Release|Windows-x64
		Release|Windows-x86 = Release|Windows-x86
	EndGlobalSection
	GlobalSection(ProjectConfigurationPlatforms) = postSolution
		{03E5C764-690D-4504-B929-0F93BB66AC7A}.Debug|Android.ActiveCfg = Debug|Android
		{03E5C764-690D-4504-B929-0F93BB66AC7A}.Debug|Android.Build.0 = Debug|Android
		{03E5C764-690D-4504-B929-0F93BB66AC7A}.Debug|Android.Deploy.0 = Debug|Android
		{03E5C764-690D-4504-B929-0F93BB66AC7A}.Debug|iOS.ActiveCfg = Debug|iOS
		{03E5C764-690D-4504-B929-0F93BB66AC7A}.Debug|iOS.Build.0 = Debug|iOS
		{03E5C764-690D-4504-B929-0F93BB66AC7A}.Debug|iOS.Deploy.0 = Debug|iOS
		{03E5C764-690D-4504-B929-0F93BB66AC7A}.Debug|Windows-ARM.ActiveCfg = Debug|Windows-ARM
		{03E5C764-690D-4504-B929-0F93BB66AC7A}.Debug|Windows-ARM.Build.0 = Debug|Windows-ARM
		{03E5C764-690D-4504-B929-0F93BB66AC7A}.Debug|Windows-ARM.Deploy.0 = Debug|Windows-ARM
		{03E5C764-690D-4504-B929-0F93BB66AC7A}.Debug|Windows-x64.ActiveCfg = Debug|Windows-x64
		{03E5C764-690D-4504-B929-0F93BB66AC7A}.Debug|Windows-x64.Build.0 = Debug|Windows-x64
		{03E5C764-690D-4504-B929-0F93BB66AC7A}.Debug|Windows-x64.Deploy.0 = Debug|Windows-x64
		{03E5C764-690D-4504-B929-0F93BB66AC7A}.Debug|Windows-x86.ActiveCfg = Debug|Windows-x86
		{03E5C764-690D-4504-B929-0F93BB66AC7A}.Debug|Windows-x86.Build.0 = Debug|Windows-x86
		{03E5C764-690D-4504-B929-0F93BB66AC7A}.Debug|Windows-x86.Deploy.0 = Debug|Windows-x86
		{03E5C764-690D-4504-B929-0F93BB66AC7A}.Final|Android.ActiveCfg = Final|Android
		{03E5C764-690D-4504-B929-0F93BB66AC7A}.Final|Android.Build.0 = Final|Android
		{03E5C764-690D-4504-B929-0F93BB66AC7A}.Final|Android.Deploy.0 = Final|Android
		{03E5C764-690D-4504-B929-0F93BB66AC7A}.Final|iOS.ActiveCfg = Final|iOS
		{03E5C764-690D-4504-B929-0F93BB66AC7A}.Final|iOS.Build.0 = Final|iOS
		{03E5C764-690D-4504-B929-0F93BB66AC7A}.Final|iOS.Deploy.0 = Final|iOS
		{03E5C764-690D-4504-B929-0F93BB66AC7A}.Final|Windows-ARM.ActiveCfg = Final|Windows-ARM
		{03E5C764-690D-4504-B929-0F93BB66AC7A}.Final|Windows-ARM.Build.0 = Final|Windows-ARM
		{03E5C764-690D-4504-B929-0F93BB66AC7A}.Final|Windows-ARM.Deploy.0 = Final|Windows-ARM
		{03E5C764-690D-4504-B929-0F93BB66AC7A}.Final|Windows-x64.ActiveCfg = Final|Windows-x64
		{03E5C764-690D-4504-B929-0F93BB66AC7A}.Final|Windows-x64.Build.0 = Final|Windows-x64
		{03E5C764-690D-4504-B929-0F93BB66AC7A}.Final|Windows-x64.Deploy.0 = Final|Windows-x64
		{03E5C764-690D-4504-B929-0F93BB66AC7A}.Final|Windows-x86.ActiveCfg = Final|Windows-x86
		{03E5C764-690D-4504-B929-0F93BB66AC7A}.Final|Windows-x86.Build.0 = Final|Windows-x86
		{03E5C764-690D-4504-B929-0F93BB66AC7A}.Final|Windows-x86.Deploy.0 = Final|Windows-x86
		{03E5C764-690D-4504-B929-0F93BB66AC7A}.Release|Android.ActiveCfg = Release|Android
		{03E5C764-690D-4504-B929-0F93BB66AC7A}.Release|Android.Build.0 = Release|Android
		{03E5C764-690D-4504-B929-0F93BB66AC7A}.Release|Android.Deploy.0 = Release|Android
		{03E5C764-690D-4504-B929-0F93BB66AC7A}.Release|iOS.ActiveCfg = Release|iOS
		{03E5C764-690D-4504-B929-0F93BB66AC7A}.Release|iOS.Build.0 = Release|iOS
		{03E5C764-690D-4504-B929-0F93BB66AC7A}.Release|iOS.Deploy.0 = Release|iOS
		{03E5C764-690D-4504-B929-0F93BB66AC7A}.Release|Windows-ARM.ActiveCfg = Release|Windows-ARM
		{03E5C764-690D-4504-B929-0F93BB66AC7A}.Release|Windows-ARM.Build.0 = Release|Windows-ARM
		{03E5C764-690D-4504-B929-0F93BB66AC7A}.Release|Windows-ARM.Deploy.0 = Release|Windows-ARM
		{03E5C764-690D-4504-B929-0F93BB66AC7A}.Release|Windows-x64.ActiveCfg = Release|Windows-x64
		{03E5C764-690D-4504-B929-0F93BB66AC7A}.Release|Windows-x64.Build.0 = Release|Windows-x64
		{03E5C764-690D-4504-B929-0F93BB66AC7A}.Release|Windows-x64.Deploy.0 = Release|Windows-x64
		{03E5C764-690D-4504-B929-0F93BB66AC7A}.Release|Windows-x86.ActiveCfg = Release|Windows-x86
		{03E5C764-690D-4504-B929-0F93BB66AC7A}.Release|Windows-x86.Build.0 = Release|Windows-x86
		{03E5C764-690D-4504-B929-0F93BB66AC7A}.Release|Windows-x86.Deploy.0 = Release|Windows-x86
		{A2890F93-1610-4484-8F27-7E8BBE0730BD}.Debug|Android.ActiveCfg = Debug|Android
		{A2890F93-1610-4484-8F27-7E8BBE0730BD}.Debug|Android.Build.0 = Debug|Android
		{A2890F93-1610-4484-8F27-7E8BBE0730BD}.Debug|Android.Deploy.0 = Debug|Android
		{A2890F93-1610-4484-8F27-7E8BBE0730BD}.Debug|iOS.ActiveCfg = Debug|iOS
		{A2890F93-1610-4484-8F27-7E8BBE0730BD}.Debug|iOS.Build.0 = Debug|iOS
		{A2890F93-1610-4484-8F27-7E8BBE0730BD}.Debug|iOS.Deploy.0 = Debug|iOS
		{A2890F93-1610-4484-8F27-7E8BBE0730BD}.Debug|Windows-ARM.ActiveCfg = Debug|Windows-ARM
		{A2890F93-1610-4484-8F27-7E8BBE0730BD}.Debug|Windows-ARM.Build.0 = Debug|Windows-ARM
		{A2890F93-1610-4484-8F27-7E8BBE0730BD}.Debug|Windows-ARM.Deploy.0 = Debug|Windows-ARM
		{A2890F93-1610-4484-8F27-7E8BBE0730BD}.Debug|Windows-x64.ActiveCfg = Debug|Windows-x64
		{A2890F93-1610-4484-8F27-7E8BBE0730BD}.Debug|Windows-x64.Build.0 = Debug|Windows-x64
		{A2890F93-1610-4484-8F27-7E8BBE0730BD}.Debug|Windows-x64.Deploy.0 = Debug|Windows-x64
		{A2890F93-1610-4484-8F27-7E8BBE0730BD}.Debug|Windows-x86.ActiveCfg = Debug|Windows-x86
		{A2890F93-1610-4484-8F27-7E8BBE0730BD}.Debug|Windows-x86.Build.0 = Debug|Windows-x86
		{A2890F93-1610-4484-8F27-7E8BBE0730BD}.Debug|Windows-x86.Deploy.0 = Debug|Windows-x86
		{A2890F93-1610-4484-8F27-7E8BBE0730BD}.Final|Android.ActiveCfg = Release|Android
		{A2890F93-1610-4484-8F27-7E8BBE0730BD}.Final|Android.Build.0 = Release|Android
		{A2890F93-1610-4484-8F27-7E8BBE0730BD}.Final|Android.Deploy.0 = Release|Android
		{A2890F93-1610-4484-8F27-7E8BBE0730BD}.Final|iOS.ActiveCfg = Release|iOS
		{A2890F93-1610-4484-8F27-7E8BBE0730BD}.Final|iOS.Build.0 = Release|iOS
		{A2890F93-1610-4484-8F27-7E8BBE0730BD}.Final|iOS.Deploy.0 = Release|iOS
		{A2890F93-1610-4484-8F27-7E8BBE0730BD}.Final|Windows-ARM.ActiveCfg = Release|Windows-ARM
		{A2890F93-1610-4484-8F27-7E8BBE0730BD}.Final|Windows-ARM.Build.0 = Release|Windows-ARM
		{A2890F93-1610-4484-8F27-7E8BBE0730BD}.Final|Windows-ARM.Deploy.0 = Release|Windows-ARM
		{A2890F93-1610-4484-8F27-7E8BBE0730BD}.Final|Windows-x64.ActiveCfg = Release|Windows-x64
		{A2890F93-1610-4484-8F27-7E8BBE0730BD}.Final|Windows-x64.Build.0 = Release|Windows-x64
		{A2890F93-1610-4484-8F27-7E8BBE0730BD}.Final|Windows-x64.Deploy.0 = Release|Windows-x64
		{A2890F93-1610-4484-8F27-7E8BBE0730BD}.Final|Windows-x86.ActiveCfg = Release|Windows-x86
		{A2890F93-1610-4484-8F27-7E8BBE0730BD}.Final|Windows-x86.Build.0 = Release|Windows-x86
		{A2890F93-1610-4484-8F27-7E8BBE0730BD}.Final|Windows-x86.Deploy.0 = Release|Windows-x86
		{A2890F93-1610-4484-8F27-7E8BBE0730BD}.Release|Android.ActiveCfg = Release|Android
		{A2890F93-1610-4484-8F27-7E8BBE0730BD}.Release|Android.Build.0 = Release|Android
		{A2890F93-1610-4484-8F27-7E8BBE0730BD}.Release|Android.Deploy.0 = Release|Android
		{A2890F93-1610-4484-8F27-7E8BBE0730BD}.Release|iOS.ActiveCfg = Release|iOS
		{A2890F93-1610-4484-8F27-7E8BBE0730BD}.Release|iOS.Build.0 = Release|iOS
		{A2890F93-1610-4484-8F27-7E8BBE0730BD}.Release|iOS.Deploy.0 = Release|iOS
		{A2890F93-1610-4484-8F27-7E8BBE0730BD}.Release|Windows-ARM.ActiveCfg = Release|Windows-ARM
		{A2890F93-1610-4484-8F27-7E8BBE0730BD}.Release|Windows-ARM.Build.0 = Release|Windows-ARM
		{A2890F93-1610-4484-8F27-7E8BBE0730BD}.Release|Windows-ARM.Deploy.0 = Release|Windows-ARM
		{A2890F93-1610-4484-8F27-7E8BBE0730BD}.Release|Windows-x64.ActiveCfg = Release|Windows-x64
		{A2890F93-1610-4484-8F27-7E8BBE0730BD}.Release|Windows-x64.Build.0 = Release|Windows-x64
		{A2890F93-1610-4484-8F27-7E8BBE0730BD}.Release|Windows-x64.Deploy.0 = Release|Windows-x64
		{A2890F93-1610-4484-8F27-7E8BBE0730BD}.Release|Windows-x86.ActiveCfg = Release|Windows-x86
		{A2890F93-1610-4484-8F27-7E8BBE0730BD}.Release|Windows-x86.Build.0 = Release|Windows-x86
		{A2890F93-1610-4484-8F27-7E8BBE0730BD}.Release|Windows-x86.Deploy.0 = Release|Windows-x86
	EndGlobalSection
	GlobalSection(SolutionProperties) = preSolution
		HideSolutionNode = FALSE
	EndGlobalSection
	GlobalSection(ExtensibilityGlobals) = postSolution
		SolutionGuid = {C74C847D-CD15-4504-9903-BC71CCDAC739}
	EndGlobalSection
EndGlobal
